# This file was autogenerated by uv via the following command:
#    uv pip compile pyproject.toml --output-file uv.lock
annotated-types==0.7.0
    # via pydantic
fakeredis==2.33.0
    # via orchestrator (pyproject.toml)
pydantic==2.12.5
    # via orchestrator (pyproject.toml)
pydantic-core==2.41.5
    # via pydantic
pyyaml==6.0.3
    # via orchestrator (pyproject.toml)
redis==7.1.1
    # via
    #   orchestrator (pyproject.toml)
    #   fakeredis
sortedcontainers==2.4.0
    # via fakeredis
typing-extensions==4.15.0
    # via
    #   pydantic
    #   pydantic-core
    #   typing-inspection
typing-inspection==0.4.2
    # via pydantic
